
Microsoft Visual Studio Solution File, Format Version 12.00
Project("{FAE04EC0-301F-11D3-BF4B-00C04F79EFBC}") = "DOIS-Fibonacci", "DOIS-Fibonacci\DOIS-Fibonacci.csproj", "{FA48BA18-730A-4D10-B954-7BB4FD58CF7C}"
EndProject
Global
	GlobalSection(SolutionConfigurationPlatforms) = preSolution
		Debug|Any CPU = Debug|Any CPU
		Release|Any CPU = Release|Any CPU
	EndGlobalSection
	GlobalSection(ProjectConfigurationPlatforms) = postSolution
		{FA48BA18-730A-4D10-B954-7BB4FD58CF7C}.Debug|Any CPU.ActiveCfg = Debug|Any CPU
		{FA48BA18-730A-4D10-B954-7BB4FD58CF7C}.Debug|Any CPU.Build.0 = Debug|Any CPU
		{FA48BA18-730A-4D10-B954-7BB4FD58CF7C}.Release|Any CPU.ActiveCfg = Release|Any CPU
		{FA48BA18-730A-4D10-B954-7BB4FD58CF7C}.Release|Any CPU.Build.0 = Release|Any CPU
	EndGlobalSection
EndGlobal
